
Microsoft Visual Studio Solution File, Format Version 12.00
# Visual Studio Version 18
VisualStudioVersion = 18.0.11217.181
MinimumVisualStudioVersion = 10.0.40219.1
Project("{2150E333-8FDC-42A3-9474-1A3956D46DE8}") = "Solution Items", "Solution Items", "{8EC462FD-D22E-90A8-E5CE-7E832BA40C5D}"
	ProjectSection(SolutionItems) = preProject
		ReadMe.txt = ReadMe.txt
	EndProjectSection
EndProject
Project("{2150E333-8FDC-42A3-9474-1A3956D46DE8}") = "IDP", "IDP", "{02EA681E-C7D8-13C7-8484-4AC65E1B71E8}"
EndProject
Project("{2150E333-8FDC-42A3-9474-1A3956D46DE8}") = "Shell", "Shell", "{75ED99DE-4C56-42B1-9EBB-A8419F6BDCF9}"
EndProject
Project("{2150E333-8FDC-42A3-9474-1A3956D46DE8}") = "Microservices", "Microservices", "{CBC6E967-2CC1-4ED3-876F-E9B0FC408F4C}"
EndProject
Project("{2150E333-8FDC-42A3-9474-1A3956D46DE8}") = "CustomerKyc", "CustomerKyc", "{E389E252-8CEB-4090-AEF4-BC357626440E}"
EndProject
Project("{2150E333-8FDC-42A3-9474-1A3956D46DE8}") = "Common", "Common", "{9EC15191-6AEF-4D48-970D-94423699D05B}"
EndProject
Project("{2150E333-8FDC-42A3-9474-1A3956D46DE8}") = "CustomerOnboarding", "CustomerOnboarding", "{C01F5E38-53DB-4738-A5EE-18506BC9AF74}"
EndProject
Project("{2150E333-8FDC-42A3-9474-1A3956D46DE8}") = "Scripts", "Scripts", "{4569E0B8-050F-4FC4-864D-21BD5191BF6D}"
	ProjectSection(SolutionItems) = preProject
		CompileAndExportBFFClients_V3.ps1 = CompileAndExportBFFClients_V3.ps1
		Scan-Dependencies.ps1 = Scan-Dependencies.ps1
	EndProjectSection
EndProject
Project("{2150E333-8FDC-42A3-9474-1A3956D46DE8}") = "Accounts", "Accounts", "{E9F5595F-7192-4693-B3B7-7685A5B64DA6}"
EndProject
Project("{2150E333-8FDC-42A3-9474-1A3956D46DE8}") = "Payments", "Payments", "{4D51713E-8EE7-472D-B4A8-DEA272422284}"
EndProject
Project("{FAE04EC0-301F-11D3-BF4B-00C04F79EFBC}") = "EnterpriseWebPlatform.BSS.BFFWeb", "src\Shell\EnterpriseWebPlatform.BSS.BFFWeb.csproj", "{6D451711-D6CE-E9AE-3E26-E55355E02AB6}"
EndProject
Project("{FAE04EC0-301F-11D3-BF4B-00C04F79EFBC}") = "EnterpriseWebPlatform.IdentityServer", "src\IDP\EnterpriseWebPlatform.IdentityServer.csproj", "{862B5F77-0E62-584A-90F4-E4FB1FFD44F2}"
EndProject
Project("{FAE04EC0-301F-11D3-BF4B-00C04F79EFBC}") = "EnterpriseWebPlatform.Common.Landscape", "src\Common\Landscape\EnterpriseWebPlatform.Common.Landscape.csproj", "{A0F127D5-3AA5-123F-6CBA-1CAFD0BB51FC}"
EndProject
Project("{FAE04EC0-301F-11D3-BF4B-00C04F79EFBC}") = "EnterpriseWebPlatform.Common.WebUtilties", "src\Common\WebUtilities\EnterpriseWebPlatform.Common.WebUtilties.csproj", "{E0285AFC-E93E-0747-7724-71C0772496D2}"
EndProject
Project("{FAE04EC0-301F-11D3-BF4B-00C04F79EFBC}") = "EnterpriseWebPlatform.BSS.Microservices.CustomerOnboarding.Api", "src\Microservices\CustomerOnboarding\API\EnterpriseWebPlatform.BSS.Microservices.CustomerOnboarding.Api.csproj", "{DB42142B-B1B0-AF7D-635D-E19710480ADD}"
EndProject
Project("{2150E333-8FDC-42A3-9474-1A3956D46DE8}") = "AsyncWorkflows", "AsyncWorkflows", "{20825AFC-14BA-4D9D-B85E-9FD49FE1E65A}"
EndProject
Project("{2150E333-8FDC-42A3-9474-1A3956D46DE8}") = "CustomerOnboarding", "CustomerOnboarding", "{8BC986A5-1CCA-4CE0-BB37-D2A347B953AE}"
EndProject
Project("{FAE04EC0-301F-11D3-BF4B-00C04F79EFBC}") = "CustomerOutboxPublisher", "src\AsyncWorkflows\Publishers\CustomerOnboarding\CustomerOutboxPublisher\CustomerOutboxPublisher.csproj", "{A8E6713F-7E79-288F-737E-F5AD5CCB7CC4}"
EndProject
Project("{2150E333-8FDC-42A3-9474-1A3956D46DE8}") = "Contracts", "Contracts", "{EBB048D0-B089-4171-8D33-5CF3DFEF6B5D}"
EndProject
Project("{FAE04EC0-301F-11D3-BF4B-00C04F79EFBC}") = "EnterpriseWebPlatform.BSS.AsyncWorkflows.Contracts", "src\AsyncWorkflows\Contracts\EnterpriseWebPlatform.BSS.AsyncWorkflows.Contracts.csproj", "{FBE627C5-AB99-F03E-D39B-1ADC888F75ED}"
EndProject
Project("{2150E333-8FDC-42A3-9474-1A3956D46DE8}") = "Infrastructure", "Infrastructure", "{1F8535F6-3405-4E8D-909F-7C3A8A2C0345}"
EndProject
Project("{FAE04EC0-301F-11D3-BF4B-00C04F79EFBC}") = "EnterpriseWebPlatform.BSS.AsyncWorkflows.Infrastructure.Kafka", "src\AsyncWorkflows\Infrastructure\Kafka\EnterpriseWebPlatform.BSS.AsyncWorkflows.Infrastructure.Kafka.csproj", "{2BE5C5F1-AFBC-AF5A-6EF4-922BAAA23422}"
EndProject
Project("{2150E333-8FDC-42A3-9474-1A3956D46DE8}") = "Publishers", "Publishers", "{EC64110B-2952-44FD-A90D-0B03620F0293}"
EndProject
Project("{2150E333-8FDC-42A3-9474-1A3956D46DE8}") = "Subscribers", "Subscribers", "{A84ACB35-7983-4BDD-B2B4-DE1DFED65694}"
EndProject
Project("{2150E333-8FDC-42A3-9474-1A3956D46DE8}") = "CustomerKyc", "CustomerKyc", "{818FA715-B3F8-4253-98BA-503186008122}"
EndProject
Project("{FAE04EC0-301F-11D3-BF4B-00C04F79EFBC}") = "CustomerKycSubscriber", "src\AsyncWorkflows\Subscribers\CustomerKyc\CustomerKycSubscriber.csproj", "{6639E79A-C4A1-31DC-906E-7F1A72B9A0C9}"
EndProject
Project("{2150E333-8FDC-42A3-9474-1A3956D46DE8}") = "DocumentsManagement", "DocumentsManagement", "{45309636-E889-4B66-AF22-13E34FA98ED6}"
EndProject
Project("{FAE04EC0-301F-11D3-BF4B-00C04F79EFBC}") = "EnterpriseWebPlatform.BSS.Microservices.DocumentsManagement.Api", "src\Microservices\DocumentsManagement\API\EnterpriseWebPlatform.BSS.Microservices.DocumentsManagement.Api.csproj", "{5CF60799-0406-1AC2-C35B-B29BFA829054}"
EndProject
Project("{FAE04EC0-301F-11D3-BF4B-00C04F79EFBC}") = "EnterpriseWebPlatform.BSS.Microservices.CustomerOnboarding.Bff.Web", "src\Microservices\CustomerOnboarding\BFF.Web\EnterpriseWebPlatform.BSS.Microservices.CustomerOnboarding.Bff.Web.csproj", "{A3B68624-9E00-1BA5-DE38-1BBFC1A39A54}"
EndProject
Project("{FAE04EC0-301F-11D3-BF4B-00C04F79EFBC}") = "EnterpriseWebPlatform.CustomerKyc.Api", "src\Microservices\CustomerKyc\API\EnterpriseWebPlatform.CustomerKyc.Api.csproj", "{783941B0-9FAF-5C75-51B5-F37D00392F88}"
EndProject
Project("{2150E333-8FDC-42A3-9474-1A3956D46DE8}") = "CustomerOnboarding", "CustomerOnboarding", "{3FA1BACC-1FD1-9587-C42D-0CE11AC9868B}"
EndProject
Project("{FAE04EC0-301F-11D3-BF4B-00C04F79EFBC}") = "CustomerOnboardingKycSubscriber", "src\AsyncWorkflows\Subscribers\CustomerOnboarding\CustomerOnboardingKycSubscriber\CustomerOnboardingKycSubscriber.csproj", "{1C987183-5037-406D-A5F6-9C8BCF7AA74D}"
EndProject
Global
	GlobalSection(SolutionConfigurationPlatforms) = preSolution
		Debug|Any CPU = Debug|Any CPU
		Release|Any CPU = Release|Any CPU
	EndGlobalSection
	GlobalSection(ProjectConfigurationPlatforms) = postSolution
		{6D451711-D6CE-E9AE-3E26-E55355E02AB6}.Debug|Any CPU.ActiveCfg = Debug|Any CPU
		{6D451711-D6CE-E9AE-3E26-E55355E02AB6}.Debug|Any CPU.Build.0 = Debug|Any CPU
		{6D451711-D6CE-E9AE-3E26-E55355E02AB6}.Release|Any CPU.ActiveCfg = Release|Any CPU
		{6D451711-D6CE-E9AE-3E26-E55355E02AB6}.Release|Any CPU.Build.0 = Release|Any CPU
		{862B5F77-0E62-584A-90F4-E4FB1FFD44F2}.Debug|Any CPU.ActiveCfg = Debug|Any CPU
		{862B5F77-0E62-584A-90F4-E4FB1FFD44F2}.Debug|Any CPU.Build.0 = Debug|Any CPU
		{862B5F77-0E62-584A-90F4-E4FB1FFD44F2}.Release|Any CPU.ActiveCfg = Release|Any CPU
		{862B5F77-0E62-584A-90F4-E4FB1FFD44F2}.Release|Any CPU.Build.0 = Release|Any CPU
		{A0F127D5-3AA5-123F-6CBA-1CAFD0BB51FC}.Debug|Any CPU.ActiveCfg = Debug|Any CPU
		{A0F127D5-3AA5-123F-6CBA-1CAFD0BB51FC}.Debug|Any CPU.Build.0 = Debug|Any CPU
		{A0F127D5-3AA5-123F-6CBA-1CAFD0BB51FC}.Release|Any CPU.ActiveCfg = Release|Any CPU
		{A0F127D5-3AA5-123F-6CBA-1CAFD0BB51FC}.Release|Any CPU.Build.0 = Release|Any CPU
		{E0285AFC-E93E-0747-7724-71C0772496D2}.Debug|Any CPU.ActiveCfg = Debug|Any CPU
		{E0285AFC-E93E-0747-7724-71C0772496D2}.Debug|Any CPU.Build.0 = Debug|Any CPU
		{E0285AFC-E93E-0747-7724-71C0772496D2}.Release|Any CPU.ActiveCfg = Release|Any CPU
		{E0285AFC-E93E-0747-7724-71C0772496D2}.Release|Any CPU.Build.0 = Release|Any CPU
		{DB42142B-B1B0-AF7D-635D-E19710480ADD}.Debug|Any CPU.ActiveCfg = Debug|Any CPU
		{DB42142B-B1B0-AF7D-635D-E19710480ADD}.Debug|Any CPU.Build.0 = Debug|Any CPU
		{DB42142B-B1B0-AF7D-635D-E19710480ADD}.Release|Any CPU.ActiveCfg = Release|Any CPU
		{DB42142B-B1B0-AF7D-635D-E19710480ADD}.Release|Any CPU.Build.0 = Release|Any CPU
		{A8E6713F-7E79-288F-737E-F5AD5CCB7CC4}.Debug|Any CPU.ActiveCfg = Debug|Any CPU
		{A8E6713F-7E79-288F-737E-F5AD5CCB7CC4}.Debug|Any CPU.Build.0 = Debug|Any CPU
		{A8E6713F-7E79-288F-737E-F5AD5CCB7CC4}.Release|Any CPU.ActiveCfg = Release|Any CPU
		{A8E6713F-7E79-288F-737E-F5AD5CCB7CC4}.Release|Any CPU.Build.0 = Release|Any CPU
		{FBE627C5-AB99-F03E-D39B-1ADC888F75ED}.Debug|Any CPU.ActiveCfg = Debug|Any CPU
		{FBE627C5-AB99-F03E-D39B-1ADC888F75ED}.Debug|Any CPU.Build.0 = Debug|Any CPU
		{FBE627C5-AB99-F03E-D39B-1ADC888F75ED}.Release|Any CPU.ActiveCfg = Release|Any CPU
		{FBE627C5-AB99-F03E-D39B-1ADC888F75ED}.Release|Any CPU.Build.0 = Release|Any CPU
		{2BE5C5F1-AFBC-AF5A-6EF4-922BAAA23422}.Debug|Any CPU.ActiveCfg = Debug|Any CPU
		{2BE5C5F1-AFBC-AF5A-6EF4-922BAAA23422}.Debug|Any CPU.Build.0 = Debug|Any CPU
		{2BE5C5F1-AFBC-AF5A-6EF4-922BAAA23422}.Release|Any CPU.ActiveCfg = Release|Any CPU
		{2BE5C5F1-AFBC-AF5A-6EF4-922BAAA23422}.Release|Any CPU.Build.0 = Release|Any CPU
		{6639E79A-C4A1-31DC-906E-7F1A72B9A0C9}.Debug|Any CPU.ActiveCfg = Debug|Any CPU
		{6639E79A-C4A1-31DC-906E-7F1A72B9A0C9}.Debug|Any CPU.Build.0 = Debug|Any CPU
		{6639E79A-C4A1-31DC-906E-7F1A72B9A0C9}.Release|Any CPU.ActiveCfg = Release|Any CPU
		{6639E79A-C4A1-31DC-906E-7F1A72B9A0C9}.Release|Any CPU.Build.0 = Release|Any CPU
		{5CF60799-0406-1AC2-C35B-B29BFA829054}.Debug|Any CPU.ActiveCfg = Debug|Any CPU
		{5CF60799-0406-1AC2-C35B-B29BFA829054}.Debug|Any CPU.Build.0 = Debug|Any CPU
		{5CF60799-0406-1AC2-C35B-B29BFA829054}.Release|Any CPU.ActiveCfg = Release|Any CPU
		{5CF60799-0406-1AC2-C35B-B29BFA829054}.Release|Any CPU.Build.0 = Release|Any CPU
		{A3B68624-9E00-1BA5-DE38-1BBFC1A39A54}.Debug|Any CPU.ActiveCfg = Debug|Any CPU
		{A3B68624-9E00-1BA5-DE38-1BBFC1A39A54}.Debug|Any CPU.Build.0 = Debug|Any CPU
		{A3B68624-9E00-1BA5-DE38-1BBFC1A39A54}.Release|Any CPU.ActiveCfg = Release|Any CPU
		{A3B68624-9E00-1BA5-DE38-1BBFC1A39A54}.Release|Any CPU.Build.0 = Release|Any CPU
		{783941B0-9FAF-5C75-51B5-F37D00392F88}.Debug|Any CPU.ActiveCfg = Debug|Any CPU
		{783941B0-9FAF-5C75-51B5-F37D00392F88}.Debug|Any CPU.Build.0 = Debug|Any CPU
		{783941B0-9FAF-5C75-51B5-F37D00392F88}.Release|Any CPU.ActiveCfg = Release|Any CPU
		{783941B0-9FAF-5C75-51B5-F37D00392F88}.Release|Any CPU.Build.0 = Release|Any CPU
		{1C987183-5037-406D-A5F6-9C8BCF7AA74D}.Debug|Any CPU.ActiveCfg = Debug|Any CPU
		{1C987183-5037-406D-A5F6-9C8BCF7AA74D}.Debug|Any CPU.Build.0 = Debug|Any CPU
		{1C987183-5037-406D-A5F6-9C8BCF7AA74D}.Release|Any CPU.ActiveCfg = Release|Any CPU
		{1C987183-5037-406D-A5F6-9C8BCF7AA74D}.Release|Any CPU.Build.0 = Release|Any CPU
	EndGlobalSection
	GlobalSection(SolutionProperties) = preSolution
		HideSolutionNode = FALSE
	EndGlobalSection
	GlobalSection(NestedProjects) = preSolution
		{E389E252-8CEB-4090-AEF4-BC357626440E} = {CBC6E967-2CC1-4ED3-876F-E9B0FC408F4C}
		{C01F5E38-53DB-4738-A5EE-18506BC9AF74} = {CBC6E967-2CC1-4ED3-876F-E9B0FC408F4C}
		{4569E0B8-050F-4FC4-864D-21BD5191BF6D} = {8EC462FD-D22E-90A8-E5CE-7E832BA40C5D}
		{E9F5595F-7192-4693-B3B7-7685A5B64DA6} = {CBC6E967-2CC1-4ED3-876F-E9B0FC408F4C}
		{4D51713E-8EE7-472D-B4A8-DEA272422284} = {CBC6E967-2CC1-4ED3-876F-E9B0FC408F4C}
		{6D451711-D6CE-E9AE-3E26-E55355E02AB6} = {75ED99DE-4C56-42B1-9EBB-A8419F6BDCF9}
		{862B5F77-0E62-584A-90F4-E4FB1FFD44F2} = {02EA681E-C7D8-13C7-8484-4AC65E1B71E8}
		{A0F127D5-3AA5-123F-6CBA-1CAFD0BB51FC} = {9EC15191-6AEF-4D48-970D-94423699D05B}
		{E0285AFC-E93E-0747-7724-71C0772496D2} = {9EC15191-6AEF-4D48-970D-94423699D05B}
		{DB42142B-B1B0-AF7D-635D-E19710480ADD} = {C01F5E38-53DB-4738-A5EE-18506BC9AF74}
		{8BC986A5-1CCA-4CE0-BB37-D2A347B953AE} = {EC64110B-2952-44FD-A90D-0B03620F0293}
		{A8E6713F-7E79-288F-737E-F5AD5CCB7CC4} = {8BC986A5-1CCA-4CE0-BB37-D2A347B953AE}
		{EBB048D0-B089-4171-8D33-5CF3DFEF6B5D} = {20825AFC-14BA-4D9D-B85E-9FD49FE1E65A}
		{FBE627C5-AB99-F03E-D39B-1ADC888F75ED} = {EBB048D0-B089-4171-8D33-5CF3DFEF6B5D}
		{1F8535F6-3405-4E8D-909F-7C3A8A2C0345} = {20825AFC-14BA-4D9D-B85E-9FD49FE1E65A}
		{2BE5C5F1-AFBC-AF5A-6EF4-922BAAA23422} = {1F8535F6-3405-4E8D-909F-7C3A8A2C0345}
		{EC64110B-2952-44FD-A90D-0B03620F0293} = {20825AFC-14BA-4D9D-B85E-9FD49FE1E65A}
		{A84ACB35-7983-4BDD-B2B4-DE1DFED65694} = {20825AFC-14BA-4D9D-B85E-9FD49FE1E65A}
		{818FA715-B3F8-4253-98BA-503186008122} = {A84ACB35-7983-4BDD-B2B4-DE1DFED65694}
		{6639E79A-C4A1-31DC-906E-7F1A72B9A0C9} = {818FA715-B3F8-4253-98BA-503186008122}
		{45309636-E889-4B66-AF22-13E34FA98ED6} = {CBC6E967-2CC1-4ED3-876F-E9B0FC408F4C}
		{5CF60799-0406-1AC2-C35B-B29BFA829054} = {45309636-E889-4B66-AF22-13E34FA98ED6}
		{A3B68624-9E00-1BA5-DE38-1BBFC1A39A54} = {C01F5E38-53DB-4738-A5EE-18506BC9AF74}
		{783941B0-9FAF-5C75-51B5-F37D00392F88} = {E389E252-8CEB-4090-AEF4-BC357626440E}
		{3FA1BACC-1FD1-9587-C42D-0CE11AC9868B} = {A84ACB35-7983-4BDD-B2B4-DE1DFED65694}
		{1C987183-5037-406D-A5F6-9C8BCF7AA74D} = {3FA1BACC-1FD1-9587-C42D-0CE11AC9868B}
	EndGlobalSection
	GlobalSection(ExtensibilityGlobals) = postSolution
		SolutionGuid = {87247D15-4A26-4F71-9688-4EB6CB5E41CE}
	EndGlobalSection
EndGlobal
